
Microsoft Visual Studio Solution File, Format Version 12.00
# Visual Studio 14
VisualStudioVersion = 14.0.25420.1
MinimumVisualStudioVersion = 10.0.40219.1
Project("{E24C65DC-7377-472B-9ABA-BC803B73C61A}") = "HomeBrewCalculator", "HomeBrewCalculator\", "{FE31BAF0-B7C4-410D-BE53-FC9AE65E04B5}"
	ProjectSection(WebsiteProperties) = preProject
		TargetFrameworkMoniker = ".NETFramework,Version%3Dv4.0"
		Debug.AspNetCompiler.VirtualPath = "/localhost_63371"
		Debug.AspNetCompiler.PhysicalPath = "HomeBrewCalculator\"
		Debug.AspNetCompiler.TargetPath = "PrecompiledWeb\localhost_63371\"
		Debug.AspNetCompiler.Updateable = "true"
		Debug.AspNetCompiler.ForceOverwrite = "true"
		Debug.AspNetCompiler.FixedNames = "false"
		Debug.AspNetCompiler.Debug = "True"
		Release.AspNetCompiler.VirtualPath = "/localhost_63371"
		Release.AspNetCompiler.PhysicalPath = "HomeBrewCalculator\"
		Release.AspNetCompiler.TargetPath = "PrecompiledWeb\localhost_63371\"
		Release.AspNetCompiler.Updateable = "true"
		Release.AspNetCompiler.ForceOverwrite = "true"
		Release.AspNetCompiler.FixedNames = "false"
		Release.AspNetCompiler.Debug = "False"
		VWDPort = "63371"
		SlnRelativePath = "HomeBrewCalculator\"
	EndProjectSection
EndProject
Global
	GlobalSection(SolutionConfigurationPlatforms) = preSolution
		Debug|Any CPU = Debug|Any CPU
	EndGlobalSection
	GlobalSection(ProjectConfigurationPlatforms) = postSolution
		{FE31BAF0-B7C4-410D-BE53-FC9AE65E04B5}.Debug|Any CPU.ActiveCfg = Debug|Any CPU
		{FE31BAF0-B7C4-410D-BE53-FC9AE65E04B5}.Debug|Any CPU.Build.0 = Debug|Any CPU
	EndGlobalSection
	GlobalSection(SolutionProperties) = preSolution
		HideSolutionNode = FALSE
	EndGlobalSection
EndGlobal
